
Microsoft Visual Studio Solution File, Format Version 12.00
# Visual Studio Version 16
VisualStudioVersion = 16.0.31911.196
MinimumVisualStudioVersion = 10.0.40219.1
Project("{FAE04EC0-301F-11D3-BF4B-00C04F79EFBC}") = "ConsoleApp10", "ConsoleApp10\ConsoleApp10.csproj", "{2A003F5B-D45E-4C58-A308-943BCD9E2082}"
EndProject
Global
	GlobalSection(SolutionConfigurationPlatforms) = preSolution
		Debug|Any CPU = Debug|Any CPU
		Release|Any CPU = Release|Any CPU
	EndGlobalSection
	GlobalSection(ProjectConfigurationPlatforms) = postSolution
		{2A003F5B-D45E-4C58-A308-943BCD9E2082}.Debug|Any CPU.ActiveCfg = Debug|Any CPU
		{2A003F5B-D45E-4C58-A308-943BCD9E2082}.Debug|Any CPU.Build.0 = Debug|Any CPU
		{2A003F5B-D45E-4C58-A308-943BCD9E2082}.Release|Any CPU.ActiveCfg = Release|Any CPU
		{2A003F5B-D45E-4C58-A308-943BCD9E2082}.Release|Any CPU.Build.0 = Release|Any CPU
	EndGlobalSection
	GlobalSection(SolutionProperties) = preSolution
		HideSolutionNode = FALSE
	EndGlobalSection
	GlobalSection(ExtensibilityGlobals) = postSolution
		SolutionGuid = {A0057984-FB28-4B4E-BFF9-C914A9DFA274}
	EndGlobalSection
EndGlobal
